// !$*UTF8*$!
{
	archiveVersion = 1;
	classes = {
	};
	objectVersion = 50;
	objects = {

/* Begin PBXBuildFile section */
		3A5FF57820A0C5B8005B4ABC /* AppDelegate.swift in Sources */ = {isa = PBXBuildFile; fileRef = 3A5FF57720A0C5B8005B4ABC /* AppDelegate.swift */; };
		3A5FF57C20A0C5B8005B4ABC /* SecondViewController.swift in Sources */ = {isa = PBXBuildFile; fileRef = 3A5FF57B20A0C5B8005B4ABC /* SecondViewController.swift */; };
		3A5FF57F20A0C5B8005B4ABC /* Main.storyboard in Resources */ = {isa = PBXBuildFile; fileRef = 3A5FF57D20A0C5B8005B4ABC /* Main.storyboard */; };
		3A5FF58120A0C5BB005B4ABC /* Assets.xcassets in Resources */ = {isa = PBXBuildFile; fileRef = 3A5FF58020A0C5BB005B4ABC /* Assets.xcassets */; };
		3A5FF58420A0C5BB005B4ABC /* LaunchScreen.storyboard in Resources */ = {isa = PBXBuildFile; fileRef = 3A5FF58220A0C5BB005B4ABC /* LaunchScreen.storyboard */; };
		3A5FF58C20A0CE7E005B4ABC /* ThirdViewController.swift in Sources */ = {isa = PBXBuildFile; fileRef = 3A5FF58B20A0CE7E005B4ABC /* ThirdViewController.swift */; };
		3A5FF58E20A0D7EF005B4ABC /* WeatherTableViewController.swift in Sources */ = {isa = PBXBuildFile; fileRef = 3A5FF58D20A0D7EF005B4ABC /* WeatherTableViewController.swift */; };
		3A5FF59020A0DA29005B4ABC /* Weather.swift in Sources */ = {isa = PBXBuildFile; fileRef = 3A5FF58F20A0DA29005B4ABC /* Weather.swift */; };
/* End PBXBuildFile section */

/* Begin PBXFileReference section */
		3A5FF57420A0C5B8005B4ABC /* WeatherMP.app */ = {isa = PBXFileReference; explicitFileType = wrapper.application; includeInIndex = 0; path = WeatherMP.app; sourceTree = BUILT_PRODUCTS_DIR; };
		3A5FF57720A0C5B8005B4ABC /* AppDelegate.swift */ = {isa = PBXFileReference; lastKnownFileType = sourcecode.swift; path = AppDelegate.swift; sourceTree = "<group>"; };
		3A5FF57B20A0C5B8005B4ABC /* SecondViewController.swift */ = {isa = PBXFileReference; lastKnownFileType = sourcecode.swift; path = SecondViewController.swift; sourceTree = "<group>"; };
		3A5FF57E20A0C5B8005B4ABC /* Base */ = {isa = PBXFileReference; lastKnownFileType = file.storyboard; name = Base; path = Base.lproj/Main.storyboard; sourceTree = "<group>"; };
		3A5FF58020A0C5BB005B4ABC /* Assets.xcassets */ = {isa = PBXFileReference; lastKnownFileType = folder.assetcatalog; path = Assets.xcassets; sourceTree = "<group>"; };
		3A5FF58320A0C5BB005B4ABC /* Base */ = {isa = PBXFileReference; lastKnownFileType = file.storyboard; name = Base; path = Base.lproj/LaunchScreen.storyboard; sourceTree = "<group>"; };
		3A5FF58520A0C5BB005B4ABC /* Info.plist */ = {isa = PBXFileReference; lastKnownFileType = text.plist.xml; path = Info.plist; sourceTree = "<group>"; };
		3A5FF58B20A0CE7E005B4ABC /* ThirdViewController.swift */ = {isa = PBXFileReference; lastKnownFileType = sourcecode.swift; path = ThirdViewController.swift; sourceTree = "<group>"; };
		3A5FF58D20A0D7EF005B4ABC /* WeatherTableViewController.swift */ = {isa = PBXFileReference; lastKnownFileType = sourcecode.swift; path = WeatherTableViewController.swift; sourceTree = "<group>"; };
		3A5FF58F20A0DA29005B4ABC /* Weather.swift */ = {isa = PBXFileReference; fileEncoding = 4; lastKnownFileType = sourcecode.swift; name = Weather.swift; path = "../../../../WeatherApp-master 2/SwiftWeather/Weather.swift"; sourceTree = "<group>"; };
/* End PBXFileReference section */

/* Begin PBXFrameworksBuildPhase section */
		3A5FF57120A0C5B8005B4ABC /* Frameworks */ = {
			isa = PBXFrameworksBuildPhase;
			buildActionMask = 2147483647;
			files = (
			);
			runOnlyForDeploymentPostprocessing = 0;
		};
/* End PBXFrameworksBuildPhase section */

/* Begin PBXGroup section */
		3A5FF56B20A0C5B8005B4ABC = {
			isa = PBXGroup;
			children = (
				3A5FF57620A0C5B8005B4ABC /* WeatherMP */,
				3A5FF57520A0C5B8005B4ABC /* Products */,
			);
			sourceTree = "<group>";
		};
		3A5FF57520A0C5B8005B4ABC /* Products */ = {
			isa = PBXGroup;
			children = (
				3A5FF57420A0C5B8005B4ABC /* WeatherMP.app */,
			);
			name = Products;
			sourceTree = "<group>";
		};
		3A5FF57620A0C5B8005B4ABC /* WeatherMP */ = {
			isa = PBXGroup;
			children = (
				3A5FF57720A0C5B8005B4ABC /* AppDelegate.swift */,
				3A5FF58D20A0D7EF005B4ABC /* WeatherTableViewController.swift */,
				3A5FF57B20A0C5B8005B4ABC /* SecondViewController.swift */,
				3A5FF58B20A0CE7E005B4ABC /* ThirdViewController.swift */,
				3A5FF58F20A0DA29005B4ABC /* Weather.swift */,
				3A5FF57D20A0C5B8005B4ABC /* Main.storyboard */,
				3A5FF58020A0C5BB005B4ABC /* Assets.xcassets */,
				3A5FF58220A0C5BB005B4ABC /* LaunchScreen.storyboard */,
				3A5FF58520A0C5BB005B4ABC /* Info.plist */,
			);
			path = WeatherMP;
			sourceTree = "<group>";
		};
/* End PBXGroup section */

/* Begin PBXNativeTarget section */
		3A5FF57320A0C5B8005B4ABC /* WeatherMP */ = {
			isa = PBXNativeTarget;
			buildConfigurationList = 3A5FF58820A0C5BB005B4ABC /* Build configuration list for PBXNativeTarget "WeatherMP" */;
			buildPhases = (
				3A5FF57020A0C5B8005B4ABC /* Sources */,
				3A5FF57120A0C5B8005B4ABC /* Frameworks */,
				3A5FF57220A0C5B8005B4ABC /* Resources */,
			);
			buildRules = (
			);
			dependencies = (
			);
			name = WeatherMP;
			productName = WeatherMP;
			productReference = 3A5FF57420A0C5B8005B4ABC /* WeatherMP.app */;
			productType = "com.apple.product-type.application";
		};
/* End PBXNativeTarget section */

/* Begin PBXProject section */
		3A5FF56C20A0C5B8005B4ABC /* Project object */ = {
			isa = PBXProject;
			attributes = {
				LastSwiftUpdateCheck = 0930;
				LastUpgradeCheck = 0930;
				ORGANIZATIONNAME = "Martin Pihooja";
				TargetAttributes = {
					3A5FF57320A0C5B8005B4ABC = {
						CreatedOnToolsVersion = 9.3;
					};
				};
			};
			buildConfigurationList = 3A5FF56F20A0C5B8005B4ABC /* Build configuration list for PBXProject "WeatherMP" */;
			compatibilityVersion = "Xcode 9.3";
			developmentRegion = en;
			hasScannedForEncodings = 0;
			knownRegions = (
				en,
				Base,
			);
			mainGroup = 3A5FF56B20A0C5B8005B4ABC;
			productRefGroup = 3A5FF57520A0C5B8005B4ABC /* Products */;
			projectDirPath = "";
			projectRoot = "";
			targets = (
				3A5FF57320A0C5B8005B4ABC /* WeatherMP */,
			);
		};
/* End PBXProject section */

/* Begin PBXResourcesBuildPhase section */
		3A5FF57220A0C5B8005B4ABC /* Resources */ = {
			isa = PBXResourcesBuildPhase;
			buildActionMask = 2147483647;
			files = (
				3A5FF58420A0C5BB005B4ABC /* LaunchScreen.storyboard in Resources */,
				3A5FF58120A0C5BB005B4ABC /* Assets.xcassets in Resources */,
				3A5FF57F20A0C5B8005B4ABC /* Main.storyboard in Resources */,
			);
			runOnlyForDeploymentPostprocessing = 0;
		};
/* End PBXResourcesBuildPhase section */

/* Begin PBXSourcesBuildPhase section */
		3A5FF57020A0C5B8005B4ABC /* Sources */ = {
			isa = PBXSourcesBuildPhase;
			buildActionMask = 2147483647;
			files = (
				3A5FF58E20A0D7EF005B4ABC /* WeatherTableViewController.swift in Sources */,
				3A5FF57C20A0C5B8005B4ABC /* SecondViewController.swift in Sources */,
				3A5FF57820A0C5B8005B4ABC /* AppDelegate.swift in Sources */,
				3A5FF58C20A0CE7E005B4ABC /* ThirdViewController.swift in Sources */,
				3A5FF59020A0DA29005B4ABC /* Weather.swift in Sources */,
			);
			runOnlyForDeploymentPostprocessing = 0;
		};
/* End PBXSourcesBuildPhase section */

/* Begin PBXVariantGroup section */
		3A5FF57D20A0C5B8005B4ABC /* Main.storyboard */ = {
			isa = PBXVariantGroup;
			children = (
				3A5FF57E20A0C5B8005B4ABC /* Base */,
			);
			name = Main.storyboard;
			sourceTree = "<group>";
		};
		3A5FF58220A0C5BB005B4ABC /* LaunchScreen.storyboard */ = {
			isa = PBXVariantGroup;
			children = (
				3A5FF58320A0C5BB005B4ABC /* Base */,
			);
			name = LaunchScreen.storyboard;
			sourceTree = "<group>";
		};
/* End PBXVariantGroup section */

/* Begin XCBuildConfiguration section */
		3A5FF58620A0C5BB005B4ABC /* Debug */ = {
			isa = XCBuildConfiguration;
			buildSettings = {
				ALWAYS_SEARCH_USER_PATHS = NO;
				CLANG_ANALYZER_NONNULL = YES;
				CLANG_ANALYZER_NUMBER_OBJECT_CONVERSION = YES_AGGRESSIVE;
				CLANG_CXX_LANGUAGE_STANDARD = "gnu++14";
				CLANG_CXX_LIBRARY = "libc++";
				CLANG_ENABLE_MODULES = YES;
				CLANG_ENABLE_OBJC_ARC = YES;
				CLANG_ENABLE_OBJC_WEAK = YES;
				CLANG_WARN_BLOCK_CAPTURE_AUTORELEASING = YES;
				CLANG_WARN_BOOL_CONVERSION = YES;
				CLANG_WARN_COMMA = YES;
				CLANG_WARN_CONSTANT_CONVERSION = YES;
				CLANG_WARN_DEPRECATED_OBJC_IMPLEMENTATIONS = YES;
				CLANG_WARN_DIRECT_OBJC_ISA_USAGE = YES_ERROR;
				CLANG_WARN_DOCUMENTATION_COMMENTS = YES;
				CLANG_WARN_EMPTY_BODY = YES;
				CLANG_WARN_ENUM_CONVERSION = YES;
				CLANG_WARN_INFINITE_RECURSION = YES;
				CLANG_WARN_INT_CONVERSION = YES;
				CLANG_WARN_NON_LITERAL_NULL_CONVERSION = YES;
				CLANG_WARN_OBJC_IMPLICIT_RETAIN_SELF = YES;
				CLANG_WARN_OBJC_LITERAL_CONVERSION = YES;
				CLANG_WARN_OBJC_ROOT_CLASS = YES_ERROR;
				CLANG_WARN_RANGE_LOOP_ANALYSIS = YES;
				CLANG_WARN_STRICT_PROTOTYPES = YES;
				CLANG_WARN_SUSPICIOUS_MOVE = YES;
				CLANG_WARN_UNGUARDED_AVAILABILITY = YES_AGGRESSIVE;
				CLANG_WARN_UNREACHABLE_CODE = YES;
				CLANG_WARN__DUPLICATE_METHOD_MATCH = YES;
				CODE_SIGN_IDENTITY = "iPhone Developer";
				COPY_PHASE_STRIP = NO;
				DEBUG_INFORMATION_FORMAT = dwarf;
				ENABLE_STRICT_OBJC_MSGSEND = YES;
				ENABLE_TESTABILITY = YES;
				GCC_C_LANGUAGE_STANDARD = gnu11;
				GCC_DYNAMIC_NO_PIC = NO;
				GCC_NO_COMMON_BLOCKS = YES;
				GCC_OPTIMIZATION_LEVEL = 0;
				GCC_PREPROCESSOR_DEFINITIONS = (
					"DEBUG=1",
					"$(inherited)",
				);
				GCC_WARN_64_TO_32_BIT_CONVERSION = YES;
				GCC_WARN_ABOUT_RETURN_TYPE = YES_ERROR;
				GCC_WARN_UNDECLARED_SELECTOR = YES;
				GCC_WARN_UNINITIALIZED_AUTOS = YES_AGGRESSIVE;
				GCC_WARN_UNUSED_FUNCTION = YES;
				GCC_WARN_UNUSED_VARIABLE = YES;
				IPHONEOS_DEPLOYMENT_TARGET = 11.3;
				MTL_ENABLE_DEBUG_INFO = YES;
				ONLY_ACTIVE_ARCH = YES;
				SDKROOT = iphoneos;
				SWIFT_ACTIVE_COMPILATION_CONDITIONS = DEBUG;
				SWIFT_OPTIMIZATION_LEVEL = "-Onone";
			};
			name = Debug;
		};
		3A5FF58720A0C5BB005B4ABC /* Release */ = {
			isa = XCBuildConfiguration;
			buildSettings = {
				ALWAYS_SEARCH_USER_PATHS = NO;
				CLANG_ANALYZER_NONNULL = YES;
				CLANG_ANALYZER_NUMBER_OBJECT_CONVERSION = YES_AGGRESSIVE;
				CLANG_CXX_LANGUAGE_STANDARD = "gnu++14";
				CLANG_CXX_LIBRARY = "libc++";
				CLANG_ENABLE_MODULES = YES;
				CLANG_ENABLE_OBJC_ARC = YES;
				CLANG_ENABLE_OBJC_WEAK = YES;
				CLANG_WARN_BLOCK_CAPTURE_AUTORELEASING = YES;
				CLANG_WARN_BOOL_CONVERSION = YES;
				CLANG_WARN_COMMA = YES;
				CLANG_WARN_CONSTANT_CONVERSION = YES;
				CLANG_WARN_DEPRECATED_OBJC_IMPLEMENTATIONS = YES;
				CLANG_WARN_DIRECT_OBJC_ISA_USAGE = YES_ERROR;
				CLANG_WARN_DOCUMENTATION_COMMENTS = YES;
				CLANG_WARN_EMPTY_BODY = YES;
				CLANG_WARN_ENUM_CONVERSION = YES;
				CLANG_WARN_INFINITE_RECURSION = YES;
				CLANG_WARN_INT_CONVERSION = YES;
				CLANG_WARN_NON_LITERAL_NULL_CONVERSION = YES;
				CLANG_WARN_OBJC_IMPLICIT_RETAIN_SELF = YES;
				CLANG_WARN_OBJC_LITERAL_CONVERSION = YES;
				CLANG_WARN_OBJC_ROOT_CLASS = YES_ERROR;
				CLANG_WARN_RANGE_LOOP_ANALYSIS = YES;
				CLANG_WARN_STRICT_PROTOTYPES = YES;
				CLANG_WARN_SUSPICIOUS_MOVE = YES;
				CLANG_WARN_UNGUARDED_AVAILABILITY = YES_AGGRESSIVE;
				CLANG_WARN_UNREACHABLE_CODE = YES;
				CLANG_WARN__DUPLICATE_METHOD_MATCH = YES;
				CODE_SIGN_IDENTITY = "iPhone Developer";
				COPY_PHASE_STRIP = NO;
				DEBUG_INFORMATION_FORMAT = "dwarf-with-dsym";
				ENABLE_NS_ASSERTIONS = NO;
				ENABLE_STRICT_OBJC_MSGSEND = YES;
				GCC_C_LANGUAGE_STANDARD = gnu11;
				GCC_NO_COMMON_BLOCKS = YES;
				GCC_WARN_64_TO_32_BIT_CONVERSION = YES;
				GCC_WARN_ABOUT_RETURN_TYPE = YES_ERROR;
				GCC_WARN_UNDECLARED_SELECTOR = YES;
				GCC_WARN_UNINITIALIZED_AUTOS = YES_AGGRESSIVE;
				GCC_WARN_UNUSED_FUNCTION = YES;
				GCC_WARN_UNUSED_VARIABLE = YES;
				IPHONEOS_DEPLOYMENT_TARGET = 11.3;
				MTL_ENABLE_DEBUG_INFO = NO;
				SDKROOT = iphoneos;
				SWIFT_COMPILATION_MODE = wholemodule;
				SWIFT_OPTIMIZATION_LEVEL = "-O";
				VALIDATE_PRODUCT = YES;
			};
			name = Release;
		};
		3A5FF58920A0C5BB005B4ABC /* Debug */ = {
			isa = XCBuildConfiguration;
			buildSettings = {
				ASSETCATALOG_COMPILER_APPICON_NAME = AppIcon;
				CODE_SIGN_STYLE = Automatic;
				INFOPLIST_FILE = WeatherMP/Info.plist;
				LD_RUNPATH_SEARCH_PATHS = (
					"$(inherited)",
					"@executable_path/Frameworks",
				);
				PRODUCT_BUNDLE_IDENTIFIER = MP.WeatherMP;
				PRODUCT_NAME = "$(TARGET_NAME)";
				SWIFT_VERSION = 4.0;
				TARGETED_DEVICE_FAMILY = 1;
			};
			name = Debug;
		};
		3A5FF58A20A0C5BB005B4ABC /* Release */ = {
			isa = XCBuildConfiguration;
			buildSettings = {
				ASSETCATALOG_COMPILER_APPICON_NAME = AppIcon;
				CODE_SIGN_STYLE = Automatic;
				INFOPLIST_FILE = WeatherMP/Info.plist;
				LD_RUNPATH_SEARCH_PATHS = (
					"$(inherited)",
					"@executable_path/Frameworks",
				);
				PRODUCT_BUNDLE_IDENTIFIER = MP.WeatherMP;
				PRODUCT_NAME = "$(TARGET_NAME)";
				SWIFT_VERSION = 4.0;
				TARGETED_DEVICE_FAMILY = 1;
			};
			name = Release;
		};
/* End XCBuildConfiguration section */

/* Begin XCConfigurationList section */
		3A5FF56F20A0C5B8005B4ABC /* Build configuration list for PBXProject "WeatherMP" */ = {
			isa = XCConfigurationList;
			buildConfigurations = (
				3A5FF58620A0C5BB005B4ABC /* Debug */,
				3A5FF58720A0C5BB005B4ABC /* Release */,
			);
			defaultConfigurationIsVisible = 0;
			defaultConfigurationName = Release;
		};
		3A5FF58820A0C5BB005B4ABC /* Build configuration list for PBXNativeTarget "WeatherMP" */ = {
			isa = XCConfigurationList;
			buildConfigurations = (
				3A5FF58920A0C5BB005B4ABC /* Debug */,
				3A5FF58A20A0C5BB005B4ABC /* Release */,
			);
			defaultConfigurationIsVisible = 0;
			defaultConfigurationName = Release;
		};
/* End XCConfigurationList section */
	};
	rootObject = 3A5FF56C20A0C5B8005B4ABC /* Project object */;
}
